{
  "version": 4,
  "terraform_version": "1.5.7",
  "serial": 5,
  "lineage": "80d87a5e-aa77-f128-9ebe-c29aa5d2eaed",
  "outputs": {},
  "resources": [
    {
      "module": "module.network",
      "mode": "managed",
      "type": "oci_core_route_table",
      "name": "asus_route_table",
      "provider": "provider[\"registry.terraform.io/hashicorp/oci\"]",
      "instances": [
        {
          "schema_version": 0,
          "attributes": {
            "compartment_id": "ocid1.compartment.oc1..aaaaaaaaslhysntcuboaatapizdunlujrgrwojffc6idqbcbbiioe6kk3qea",
            "defined_tags": {
              "Oracle-Tags.CreatedBy": "default/arunsinghchauhan38@gmail.com",
              "Oracle-Tags.CreatedOn": "2026-07-23T11:16:56.657Z"
            },
            "display_name": "asus_rt",
            "freeform_tags": {},
            "id": "ocid1.routetable.oc1.iad.aaaaaaaaaqw75h3osk4v6ttrkeefewoegx6x3nmqtokk5juhluum2xv2c5nq",
            "route_rules": [],
            "state": "AVAILABLE",
            "time_created": "2026-07-23 11:16:56.669 +0000 UTC",
            "timeouts": null,
            "vcn_id": "ocid1.vcn.oc1.iad.amaaaaaadsux5nyaq6p7djz3gwlaqcbpgxeiqcdijqcevcyos2dpwzr4kusq"
          },
          "sensitive_attributes": [],
          "private": "eyJlMmJmYjczMC1lY2FhLTExZTYtOGY4OC0zNDM2M2JjN2M0YzAiOnsiY3JlYXRlIjoxMjAwMDAwMDAwMDAwLCJkZWxldGUiOjEyMDAwMDAwMDAwMDAsInVwZGF0ZSI6MTIwMDAwMDAwMDAwMH19",
          "dependencies": [
            "module.network.oci_core_vcn.generated_oci_core_vcn"
          ]
        }
      ]
    },
    {
      "module": "module.network",
      "mode": "managed",
      "type": "oci_core_security_list",
      "name": "asus_security_list",
      "provider": "provider[\"registry.terraform.io/hashicorp/oci\"]",
      "instances": [
        {
          "schema_version": 0,
          "attributes": {
            "compartment_id": "ocid1.compartment.oc1..aaaaaaaaslhysntcuboaatapizdunlujrgrwojffc6idqbcbbiioe6kk3qea",
            "defined_tags": {
              "Oracle-Tags.CreatedBy": "default/arunsinghchauhan38@gmail.com",
              "Oracle-Tags.CreatedOn": "2026-07-23T11:16:56.616Z"
            },
            "display_name": "asus_sl",
            "egress_security_rules": [
              {
                "description": "",
                "destination": "0.0.0.0/0",
                "destination_type": "CIDR_BLOCK",
                "icmp_options": [],
                "protocol": "all",
                "stateless": false,
                "tcp_options": [],
                "udp_options": []
              }
            ],
            "freeform_tags": {},
            "id": "ocid1.securitylist.oc1.iad.aaaaaaaafcuweotjxwx627zusuh3my3w2cwnrkbxprfq2huwlshx6am3kmmq",
            "ingress_security_rules": [
              {
                "description": "",
                "icmp_options": [],
                "protocol": "6",
                "source": "10.0.0.0/24",
                "source_type": "CIDR_BLOCK",
                "stateless": false,
                "tcp_options": [
                  {
                    "max": 22,
                    "min": 22,
                    "source_port_range": []
                  }
                ],
                "udp_options": []
              },
              {
                "description": "",
                "icmp_options": [],
                "protocol": "6",
                "source": "10.0.1.0/24",
                "source_type": "CIDR_BLOCK",
                "stateless": false,
                "tcp_options": [
                  {
                    "max": 22,
                    "min": 22,
                    "source_port_range": []
                  }
                ],
                "udp_options": []
              }
            ],
            "state": "AVAILABLE",
            "time_created": "2026-07-23 11:16:56.659 +0000 UTC",
            "timeouts": null,
            "vcn_id": "ocid1.vcn.oc1.iad.amaaaaaadsux5nyaq6p7djz3gwlaqcbpgxeiqcdijqcevcyos2dpwzr4kusq"
          },
          "sensitive_attributes": [],
          "private": "eyJlMmJmYjczMC1lY2FhLTExZTYtOGY4OC0zNDM2M2JjN2M0YzAiOnsiY3JlYXRlIjoxMjAwMDAwMDAwMDAwLCJkZWxldGUiOjEyMDAwMDAwMDAwMDAsInVwZGF0ZSI6MTIwMDAwMDAwMDAwMH19",
          "dependencies": [
            "module.network.oci_core_vcn.generated_oci_core_vcn"
          ]
        }
      ]
    },
    {
      "module": "module.network",
      "mode": "managed",
      "type": "oci_core_subnet",
      "name": "amazon_private_subnet",
      "provider": "provider[\"registry.terraform.io/hashicorp/oci\"]",
      "instances": [
        {
          "index_key": "app",
          "schema_version": 0,
          "attributes": {
            "availability_domain": null,
            "cidr_block": "10.0.1.0/26",
            "compartment_id": "ocid1.compartment.oc1..aaaaaaaaslhysntcuboaatapizdunlujrgrwojffc6idqbcbbiioe6kk3qea",
            "defined_tags": {
              "Oracle-Tags.CreatedBy": "default/arunsinghchauhan38@gmail.com",
              "Oracle-Tags.CreatedOn": "2026-07-23T11:16:57.050Z"
            },
            "dhcp_options_id": "ocid1.dhcpoptions.oc1.iad.aaaaaaaa2vywsm5im45m5pgsn5sspiihaxgscl7ar6yuyhnk2l3ub3uw7gta",
            "display_name": "asus_pvt_subnet",
            "dns_label": "asuspvt",
            "freeform_tags": {},
            "id": "ocid1.subnet.oc1.iad.aaaaaaaa2auggingkitylwz64h3ydshxg5v35a747rhtda6yill73ewgocoa",
            "ipv4cidr_blocks": [
              "10.0.1.0/26"
            ],
            "ipv6cidr_block": null,
            "ipv6cidr_blocks": [],
            "ipv6virtual_router_ip": null,
            "prohibit_internet_ingress": true,
            "prohibit_public_ip_on_vnic": true,
            "route_table_id": "ocid1.routetable.oc1.iad.aaaaaaaaaqw75h3osk4v6ttrkeefewoegx6x3nmqtokk5juhluum2xv2c5nq",
            "security_list_ids": [
              "ocid1.securitylist.oc1.iad.aaaaaaaafcuweotjxwx627zusuh3my3w2cwnrkbxprfq2huwlshx6am3kmmq"
            ],
            "state": "AVAILABLE",
            "subnet_domain_name": "asuspvt.asusvcn.oraclevcn.com",
            "time_created": "2026-07-23 11:16:57.096 +0000 UTC",
            "timeouts": null,
            "vcn_id": "ocid1.vcn.oc1.iad.amaaaaaadsux5nyaq6p7djz3gwlaqcbpgxeiqcdijqcevcyos2dpwzr4kusq",
            "virtual_router_ip": "10.0.1.1",
            "virtual_router_mac": "00:00:17:FF:19:2C"
          },
          "sensitive_attributes": [],
          "private": "eyJlMmJmYjczMC1lY2FhLTExZTYtOGY4OC0zNDM2M2JjN2M0YzAiOnsiY3JlYXRlIjoxMjAwMDAwMDAwMDAwLCJkZWxldGUiOjEyMDAwMDAwMDAwMDAsInVwZGF0ZSI6MTIwMDAwMDAwMDAwMH19",
          "dependencies": [
            "module.network.oci_core_route_table.asus_route_table",
            "module.network.oci_core_security_list.asus_security_list",
            "module.network.oci_core_vcn.generated_oci_core_vcn"
          ]
        }
      ]
    },
    {
      "module": "module.network",
      "mode": "managed",
      "type": "oci_core_vcn",
      "name": "generated_oci_core_vcn",
      "provider": "provider[\"registry.terraform.io/hashicorp/oci\"]",
      "instances": [
        {
          "schema_version": 0,
          "attributes": {
            "byoipv6cidr_blocks": [],
            "byoipv6cidr_details": [],
            "cidr_block": "10.0.1.0/24",
            "cidr_blocks": [
              "10.0.1.0/24"
            ],
            "compartment_id": "ocid1.compartment.oc1..aaaaaaaaslhysntcuboaatapizdunlujrgrwojffc6idqbcbbiioe6kk3qea",
            "default_dhcp_options_id": "ocid1.dhcpoptions.oc1.iad.aaaaaaaa2vywsm5im45m5pgsn5sspiihaxgscl7ar6yuyhnk2l3ub3uw7gta",
            "default_route_table_id": "ocid1.routetable.oc1.iad.aaaaaaaafyf4jhja7hnbmrkz7i6ea76wn7xe42xfhtlp43fkk3rbp3v3ba3q",
            "default_security_list_id": "ocid1.securitylist.oc1.iad.aaaaaaaa22pmge4lq6mdhdn6tnntr27klyf5ccus64vsjsgjnclcekgq6t4a",
            "defined_tags": {
              "Oracle-Tags.CreatedBy": "default/arunsinghchauhan38@gmail.com",
              "Oracle-Tags.CreatedOn": "2026-07-22T16:48:21.519Z"
            },
            "display_name": "asus_vcn",
            "dns_label": "asusvcn",
            "freeform_tags": {},
            "id": "ocid1.vcn.oc1.iad.amaaaaaadsux5nyaq6p7djz3gwlaqcbpgxeiqcdijqcevcyos2dpwzr4kusq",
            "ipv6cidr_blocks": [],
            "ipv6private_cidr_blocks": [],
            "is_ipv6enabled": false,
            "is_oracle_gua_allocation_enabled": null,
            "security_attributes": {},
            "state": "AVAILABLE",
            "time_created": "2026-07-22 16:48:21.579 +0000 UTC",
            "timeouts": null,
            "vcn_domain_name": "asusvcn.oraclevcn.com"
          },
          "sensitive_attributes": [],
          "private": "eyJlMmJmYjczMC1lY2FhLTExZTYtOGY4OC0zNDM2M2JjN2M0YzAiOnsiY3JlYXRlIjoxMjAwMDAwMDAwMDAwLCJkZWxldGUiOjEyMDAwMDAwMDAwMDAsInVwZGF0ZSI6MTIwMDAwMDAwMDAwMH19"
        }
      ]
    }
  ],
  "check_results": null
}
