{
  "version": 4,
  "terraform_version": "1.5.7",
  "serial": 1,
  "lineage": "80d87a5e-aa77-f128-9ebe-c29aa5d2eaed",
  "outputs": {},
  "resources": [
    {
      "module": "module.network",
      "mode": "managed",
      "type": "oci_core_vcn",
      "name": "generated_oci_core_vcn",
      "provider": "provider[\"registry.terraform.io/hashicorp/oci\"]",
      "instances": [
        {
          "schema_version": 0,
          "attributes": {
            "byoipv6cidr_blocks": [],
            "byoipv6cidr_details": [],
            "cidr_block": "10.0.1.0/24",
            "cidr_blocks": [
              "10.0.1.0/24"
            ],
            "compartment_id": "ocid1.compartment.oc1..aaaaaaaaslhysntcuboaatapizdunlujrgrwojffc6idqbcbbiioe6kk3qea",
            "default_dhcp_options_id": "ocid1.dhcpoptions.oc1.iad.aaaaaaaa2vywsm5im45m5pgsn5sspiihaxgscl7ar6yuyhnk2l3ub3uw7gta",
            "default_route_table_id": "ocid1.routetable.oc1.iad.aaaaaaaafyf4jhja7hnbmrkz7i6ea76wn7xe42xfhtlp43fkk3rbp3v3ba3q",
            "default_security_list_id": "ocid1.securitylist.oc1.iad.aaaaaaaa22pmge4lq6mdhdn6tnntr27klyf5ccus64vsjsgjnclcekgq6t4a",
            "defined_tags": {
              "Oracle-Tags.CreatedBy": "default/arunsinghchauhan38@gmail.com",
              "Oracle-Tags.CreatedOn": "2026-07-22T16:48:21.519Z"
            },
            "display_name": "asus_vcn",
            "dns_label": "asusvcn",
            "freeform_tags": {},
            "id": "ocid1.vcn.oc1.iad.amaaaaaadsux5nyaq6p7djz3gwlaqcbpgxeiqcdijqcevcyos2dpwzr4kusq",
            "ipv6cidr_blocks": [],
            "ipv6private_cidr_blocks": [],
            "is_ipv6enabled": false,
            "is_oracle_gua_allocation_enabled": null,
            "security_attributes": {},
            "state": "AVAILABLE",
            "time_created": "2026-07-22 16:48:21.579 +0000 UTC",
            "timeouts": null,
            "vcn_domain_name": "asusvcn.oraclevcn.com"
          },
          "sensitive_attributes": [],
          "private": "eyJlMmJmYjczMC1lY2FhLTExZTYtOGY4OC0zNDM2M2JjN2M0YzAiOnsiY3JlYXRlIjoxMjAwMDAwMDAwMDAwLCJkZWxldGUiOjEyMDAwMDAwMDAwMDAsInVwZGF0ZSI6MTIwMDAwMDAwMDAwMH19"
        }
      ]
    }
  ],
  "check_results": null
}
