{
  "version": 4,
  "terraform_version": "1.5.7",
  "serial": 1,
  "lineage": "a602d86d-25c6-065d-ab4d-ae29b67abae5",
  "outputs": {},
  "resources": [
    {
      "module": "module.prod_instance",
      "mode": "managed",
      "type": "oci_core_instance",
      "name": "generated_oci_core_instance",
      "provider": "module.prod_instance.provider[\"registry.terraform.io/hashicorp/oci\"]",
      "instances": [
        {
          "schema_version": 0,
          "attributes": {
            "agent_config": [
              {
                "are_all_plugins_disabled": false,
                "is_management_disabled": false,
                "is_monitoring_disabled": false,
                "plugins_config": [
                  {
                    "desired_state": "DISABLED",
                    "name": "WebLogic Management Service"
                  },
                  {
                    "desired_state": "DISABLED",
                    "name": "Vulnerability Scanning"
                  },
                  {
                    "desired_state": "DISABLED",
                    "name": "Oracle Java Management Service"
                  },
                  {
                    "desired_state": "DISABLED",
                    "name": "OS Management Hub Agent"
                  },
                  {
                    "desired_state": "DISABLED",
                    "name": "Management Agent"
                  },
                  {
                    "desired_state": "DISABLED",
                    "name": "Fleet Application Management Service"
                  },
                  {
                    "desired_state": "ENABLED",
                    "name": "Custom Logs Monitoring"
                  },
                  {
                    "desired_state": "DISABLED",
                    "name": "Compute RDMA GPU Monitoring"
                  },
                  {
                    "desired_state": "ENABLED",
                    "name": "Compute Instance Run Command"
                  },
                  {
                    "desired_state": "ENABLED",
                    "name": "Compute Instance Monitoring"
                  },
                  {
                    "desired_state": "DISABLED",
                    "name": "Compute HPC RDMA Auto-Configuration"
                  },
                  {
                    "desired_state": "DISABLED",
                    "name": "Compute HPC RDMA Authentication"
                  },
                  {
                    "desired_state": "ENABLED",
                    "name": "Cloud Guard Workload Protection"
                  },
                  {
                    "desired_state": "DISABLED",
                    "name": "Block Volume Management"
                  },
                  {
                    "desired_state": "DISABLED",
                    "name": "Bastion"
                  }
                ]
              }
            ],
            "async": null,
            "availability_config": [
              {
                "is_live_migration_preferred": false,
                "recovery_action": "RESTORE_INSTANCE"
              }
            ],
            "availability_domain": "mTSh:US-ASHBURN-AD-1",
            "boot_volume_id": "ocid1.bootvolume.oc1.iad.abuwcljscdaddkwnakavw5ioe5kivy2rc2idgi655sdmsspgu4zezrj4tsgq",
            "capacity_reservation_id": null,
            "cluster_placement_group_id": null,
            "compartment_id": "ocid1.compartment.oc1..aaaaaaaax4ipjsb3aw4ousoqcbfmxwipvgl2hvoi63irvgsv4yzzhpbz5y7a",
            "compute_cluster_id": null,
            "create_vnic_details": [
              {
                "assign_ipv6ip": false,
                "assign_private_dns_record": true,
                "assign_public_ip": "true",
                "defined_tags": {
                  "Hub_tags.env": "test",
                  "Oracle-Tags.CreatedBy": "default/arunsinghchauhan38@gmail.com",
                  "Oracle-Tags.CreatedOn": "2026-07-03T16:54:13.390Z"
                },
                "display_name": "prod_server",
                "freeform_tags": {},
                "hostname_label": "prod-server",
                "ipv6address_ipv6subnet_cidr_pair_details": [],
                "nsg_ids": [],
                "private_ip": "10.0.0.115",
                "private_ip_id": "",
                "security_attributes": {},
                "skip_source_dest_check": false,
                "subnet_cidr": "",
                "subnet_id": "ocid1.subnet.oc1.iad.aaaaaaaa6atu5afhi2c7njdvgj2lx6lfbbsybcekbl6pc3x5kjr7qemy23yq",
                "vlan_id": ""
              }
            ],
            "dedicated_vm_host_id": null,
            "defined_tags": {
              "Hub_tags.env": "test",
              "Oracle-Tags.CreatedBy": "default/arunsinghchauhan38@gmail.com",
              "Oracle-Tags.CreatedOn": "2026-07-03T16:54:13.155Z"
            },
            "display_name": "prod_server",
            "extended_metadata": {},
            "fault_domain": "FAULT-DOMAIN-2",
            "freeform_tags": {},
            "hostname_label": "prod-server",
            "id": "ocid1.instance.oc1.iad.anuwcljsdsux5nyc5wswxak52vksb4fjidywytphdnmpekebw5mi5xt6p3wq",
            "image": "ocid1.image.oc1.iad.aaaaaaaapfjs6jc4o6kkvjnrlkugaaqoqc5ae6k43ystm2rvu7c34riglaga",
            "instance_configuration_id": null,
            "instance_options": [
              {
                "are_legacy_imds_endpoints_disabled": true
              }
            ],
            "ipxe_script": null,
            "is_ai_enterprise_enabled": null,
            "is_cross_numa_node": false,
            "is_pv_encryption_in_transit_enabled": true,
            "launch_mode": "PARAVIRTUALIZED",
            "launch_options": [
              {
                "boot_volume_type": "PARAVIRTUALIZED",
                "firmware": "UEFI_64",
                "is_consistent_volume_naming_enabled": true,
                "is_pv_encryption_in_transit_enabled": true,
                "network_type": "PARAVIRTUALIZED",
                "remote_data_volume_type": "PARAVIRTUALIZED"
              }
            ],
            "launch_volume_attachments": null,
            "licensing_configs": [],
            "metadata": {
              "ssh_authorized_keys": "ssh-rsa AAAAB3NzaC1yc2EAAAADAQABAAABAQDtLS/CwKwKP41hR3R1zPt1qFo+Uw1r9IUC78q2zc58DQU/s14tVKtl5gHiO/7aEpFd++g2R7uoUhymk/jysWRuauxgIGGVnst4a80A+YdCfiXzwDIZ3sGYFb7u5OotVBOe4JBYK+DZei+UhiJJNjHgEjuLdoPJbn9Fef5GZVS2ZdfHWszKhYIOJghb5mZIkdDq3D1WOI1lfdtF44wn5+oBrDtlILJUlm8b2NJ29yg10XD6ZIkkpDobQ834ayN8AZlRSwzlgf8GOcykO0hQyN/z3gxaeT0el2AM4PFnQ7xrJ8ngZfK1aJ6J2eNlAAw2WC1G/r9mkzYoWuV9mkVsYNFr ssh-key-2026-04-30"
            },
            "placement_constraint_details": [],
            "platform_config": [
              {
                "are_virtual_instructions_enabled": false,
                "config_map": {},
                "is_access_control_service_enabled": false,
                "is_input_output_memory_management_unit_enabled": false,
                "is_measured_boot_enabled": false,
                "is_memory_encryption_enabled": false,
                "is_secure_boot_enabled": false,
                "is_symmetric_multi_threading_enabled": true,
                "is_trusted_platform_module_enabled": false,
                "numa_nodes_per_socket": "",
                "percentage_of_cores_enabled": 0,
                "type": "AMD_VM"
              }
            ],
            "preemptible_instance_config": [],
            "preserve_boot_volume": null,
            "preserve_data_volumes_created_at_launch": null,
            "private_ip": "10.0.0.115",
            "public_ip": "129.213.111.173",
            "region": "iad",
            "security_attributes": {},
            "security_attributes_state": "STABLE",
            "shape": "VM.Standard.E5.Flex",
            "shape_config": [
              {
                "baseline_ocpu_utilization": "",
                "gpu_description": "",
                "gpus": 0,
                "local_disk_description": "",
                "local_disks": 0,
                "local_disks_total_size_in_gbs": 0,
                "max_vnic_attachments": 2,
                "memory_in_gbs": 32,
                "networking_bandwidth_in_gbps": 1,
                "nvmes": 0,
                "ocpus": 1,
                "processor_description": "2.3 GHz AMD EPYC™ 9J14 (Genoa)",
                "resource_management": "",
                "vcpus": 2
              }
            ],
            "source_details": [
              {
                "boot_volume_size_in_gbs": "50",
                "boot_volume_vpus_per_gb": "10",
                "instance_source_image_filter_details": [],
                "is_preserve_boot_volume_enabled": false,
                "kms_key_id": "",
                "source_id": "ocid1.image.oc1.iad.aaaaaaaapfjs6jc4o6kkvjnrlkugaaqoqc5ae6k43ystm2rvu7c34riglaga",
                "source_type": "image"
              }
            ],
            "state": "RUNNING",
            "subnet_id": "ocid1.subnet.oc1.iad.aaaaaaaa6atu5afhi2c7njdvgj2lx6lfbbsybcekbl6pc3x5kjr7qemy23yq",
            "system_tags": {},
            "time_created": "2026-07-03 16:54:13.769 +0000 UTC",
            "time_maintenance_reboot_due": "",
            "timeouts": null,
            "update_operation_constraint": null
          },
          "sensitive_attributes": [],
          "private": "eyJlMmJmYjczMC1lY2FhLTExZTYtOGY4OC0zNDM2M2JjN2M0YzAiOnsiY3JlYXRlIjoyNzAwMDAwMDAwMDAwLCJkZWxldGUiOjQ1MDAwMDAwMDAwMDAsInVwZGF0ZSI6MjcwMDAwMDAwMDAwMH19"
        }
      ]
    }
  ],
  "check_results": null
}
